
Microsoft Visual Studio Solution File, Format Version 12.00
# Visual Studio Version 16
VisualStudioVersion = 16.0.31702.278
MinimumVisualStudioVersion = 10.0.40219.1
Project("{FAE04EC0-301F-11D3-BF4B-00C04F79EFBC}") = "Process_List", "Process_List\Process_List.csproj", "{BD093F75-FC76-4409-B3C5-F26A8507A499}"
EndProject
Global
	GlobalSection(SolutionConfigurationPlatforms) = preSolution
		Debug|Any CPU = Debug|Any CPU
		Release|Any CPU = Release|Any CPU
	EndGlobalSection
	GlobalSection(ProjectConfigurationPlatforms) = postSolution
		{BD093F75-FC76-4409-B3C5-F26A8507A499}.Debug|Any CPU.ActiveCfg = Debug|Any CPU
		{BD093F75-FC76-4409-B3C5-F26A8507A499}.Debug|Any CPU.Build.0 = Debug|Any CPU
		{BD093F75-FC76-4409-B3C5-F26A8507A499}.Release|Any CPU.ActiveCfg = Release|Any CPU
		{BD093F75-FC76-4409-B3C5-F26A8507A499}.Release|Any CPU.Build.0 = Release|Any CPU
	EndGlobalSection
	GlobalSection(SolutionProperties) = preSolution
		HideSolutionNode = FALSE
	EndGlobalSection
	GlobalSection(ExtensibilityGlobals) = postSolution
		SolutionGuid = {BD433C55-7C0E-4D98-A4E6-6E3DDB846E44}
	EndGlobalSection
EndGlobal
